
Microsoft Visual Studio Solution File, Format Version 12.00
Project("{FAE04EC0-301F-11D3-BF4B-00C04F79EFBC}") = "UdpListener", "UdpListener.csproj", "{2CEA9DD4-9442-43E0-90B8-C3DEB960EC78}"
EndProject
Global
	GlobalSection(SolutionConfigurationPlatforms) = preSolution
		Debug|Any CPU = Debug|Any CPU
		Release|Any CPU = Release|Any CPU
	EndGlobalSection
	GlobalSection(ProjectConfigurationPlatforms) = postSolution
		{2CEA9DD4-9442-43E0-90B8-C3DEB960EC78}.Debug|Any CPU.ActiveCfg = Debug|Any CPU
		{2CEA9DD4-9442-43E0-90B8-C3DEB960EC78}.Debug|Any CPU.Build.0 = Debug|Any CPU
		{2CEA9DD4-9442-43E0-90B8-C3DEB960EC78}.Release|Any CPU.ActiveCfg = Release|Any CPU
		{2CEA9DD4-9442-43E0-90B8-C3DEB960EC78}.Release|Any CPU.Build.0 = Release|Any CPU
	EndGlobalSection
EndGlobal
